// !$*UTF8*$!
{
	archiveVersion = 1;
	classes = {
	};
	objectVersion = 56;
	objects = {

/* Begin PBXBuildFile section */
		5A4E41340C3ADF4B6195D2FC /* Pods_Flix_FlixUITests.framework in Frameworks */ = {isa = PBXBuildFile; fileRef = EE5F2F922AED6299DABA2121 /* Pods_Flix_FlixUITests.framework */; };
		6AF86EB6EAA8F87B97251541 /* Pods_FlixTests.framework in Frameworks */ = {isa = PBXBuildFile; fileRef = 0B96633BCB43D4E4229DD607 /* Pods_FlixTests.framework */; };
		89ECF69F28D57E8300594EFA /* AppDelegate.swift in Sources */ = {isa = PBXBuildFile; fileRef = 89ECF69E28D57E8300594EFA /* AppDelegate.swift */; };
		89ECF6A128D57E8300594EFA /* SceneDelegate.swift in Sources */ = {isa = PBXBuildFile; fileRef = 89ECF6A028D57E8300594EFA /* SceneDelegate.swift */; };
		89ECF6A628D57E8300594EFA /* Main.storyboard in Resources */ = {isa = PBXBuildFile; fileRef = 89ECF6A428D57E8300594EFA /* Main.storyboard */; };
		89ECF6A828D57E8400594EFA /* Assets.xcassets in Resources */ = {isa = PBXBuildFile; fileRef = 89ECF6A728D57E8400594EFA /* Assets.xcassets */; };
		89ECF6AB28D57E8400594EFA /* LaunchScreen.storyboard in Resources */ = {isa = PBXBuildFile; fileRef = 89ECF6A928D57E8400594EFA /* LaunchScreen.storyboard */; };
		89ECF6B628D57E8500594EFA /* FlixTests.swift in Sources */ = {isa = PBXBuildFile; fileRef = 89ECF6B528D57E8500594EFA /* FlixTests.swift */; };
		89ECF6C028D57E8500594EFA /* FlixUITests.swift in Sources */ = {isa = PBXBuildFile; fileRef = 89ECF6BF28D57E8500594EFA /* FlixUITests.swift */; };
		89ECF6C228D57E8500594EFA /* FlixUITestsLaunchTests.swift in Sources */ = {isa = PBXBuildFile; fileRef = 89ECF6C128D57E8500594EFA /* FlixUITestsLaunchTests.swift */; };
		89ECF6CF28D58FBA00594EFA /* MoviesViewController.swift in Sources */ = {isa = PBXBuildFile; fileRef = 89ECF6CE28D58FBA00594EFA /* MoviesViewController.swift */; };
		89ECF6D128D5999B00594EFA /* MovieCell.swift in Sources */ = {isa = PBXBuildFile; fileRef = 89ECF6D028D5999B00594EFA /* MovieCell.swift */; };
		89ECF6D428D5A27500594EFA /* AlamofireImage in Frameworks */ = {isa = PBXBuildFile; productRef = 89ECF6D328D5A27500594EFA /* AlamofireImage */; };
		89F4D49E28DE813A009818B0 /* MovieDetailsViewController.swift in Sources */ = {isa = PBXBuildFile; fileRef = 89F4D49D28DE813A009818B0 /* MovieDetailsViewController.swift */; };
		89F4D4A028DE97EA009818B0 /* MovieGridViewController.swift in Sources */ = {isa = PBXBuildFile; fileRef = 89F4D49F28DE97EA009818B0 /* MovieGridViewController.swift */; };
		89F4D4A228DE9ED5009818B0 /* MovieGridCell.swift in Sources */ = {isa = PBXBuildFile; fileRef = 89F4D4A128DE9ED5009818B0 /* MovieGridCell.swift */; };
		D73B1C31F25EE780B7851C37 /* Pods_Flix.framework in Frameworks */ = {isa = PBXBuildFile; fileRef = 3B781DD2B7C3414E885D41F2 /* Pods_Flix.framework */; };
/* End PBXBuildFile section */

/* Begin PBXContainerItemProxy section */
		89ECF6B228D57E8400594EFA /* PBXContainerItemProxy */ = {
			isa = PBXContainerItemProxy;
			containerPortal = 89ECF69328D57E8300594EFA /* Project object */;
			proxyType = 1;
			remoteGlobalIDString = 89ECF69A28D57E8300594EFA;
			remoteInfo = Flix;
		};
		89ECF6BC28D57E8500594EFA /* PBXContainerItemProxy */ = {
			isa = PBXContainerItemProxy;
			containerPortal = 89ECF69328D57E8300594EFA /* Project object */;
			proxyType = 1;
			remoteGlobalIDString = 89ECF69A28D57E8300594EFA;
			remoteInfo = Flix;
		};
/* End PBXContainerItemProxy section */

/* Begin PBXFileReference section */
		0B96633BCB43D4E4229DD607 /* Pods_FlixTests.framework */ = {isa = PBXFileReference; explicitFileType = wrapper.framework; includeInIndex = 0; path = Pods_FlixTests.framework; sourceTree = BUILT_PRODUCTS_DIR; };
		13F8D78E64A726BB67AD4206 /* Pods-Flix.release.xcconfig */ = {isa = PBXFileReference; includeInIndex = 1; lastKnownFileType = text.xcconfig; name = "Pods-Flix.release.xcconfig"; path = "Target Support Files/Pods-Flix/Pods-Flix.release.xcconfig"; sourceTree = "<group>"; };
		3B781DD2B7C3414E885D41F2 /* Pods_Flix.framework */ = {isa = PBXFileReference; explicitFileType = wrapper.framework; includeInIndex = 0; path = Pods_Flix.framework; sourceTree = BUILT_PRODUCTS_DIR; };
		5A0AE7DA7B7E4CB0B6155A52 /* Pods-FlixTests.debug.xcconfig */ = {isa = PBXFileReference; includeInIndex = 1; lastKnownFileType = text.xcconfig; name = "Pods-FlixTests.debug.xcconfig"; path = "Target Support Files/Pods-FlixTests/Pods-FlixTests.debug.xcconfig"; sourceTree = "<group>"; };
		89ECF69B28D57E8300594EFA /* Flix.app */ = {isa = PBXFileReference; explicitFileType = wrapper.application; includeInIndex = 0; path = Flix.app; sourceTree = BUILT_PRODUCTS_DIR; };
		89ECF69E28D57E8300594EFA /* AppDelegate.swift */ = {isa = PBXFileReference; lastKnownFileType = sourcecode.swift; path = AppDelegate.swift; sourceTree = "<group>"; };
		89ECF6A028D57E8300594EFA /* SceneDelegate.swift */ = {isa = PBXFileReference; lastKnownFileType = sourcecode.swift; path = SceneDelegate.swift; sourceTree = "<group>"; };
		89ECF6A528D57E8300594EFA /* Base */ = {isa = PBXFileReference; lastKnownFileType = file.storyboard; name = Base; path = Base.lproj/Main.storyboard; sourceTree = "<group>"; };
		89ECF6A728D57E8400594EFA /* Assets.xcassets */ = {isa = PBXFileReference; lastKnownFileType = folder.assetcatalog; path = Assets.xcassets; sourceTree = "<group>"; };
		89ECF6AA28D57E8400594EFA /* Base */ = {isa = PBXFileReference; lastKnownFileType = file.storyboard; name = Base; path = Base.lproj/LaunchScreen.storyboard; sourceTree = "<group>"; };
		89ECF6AC28D57E8400594EFA /* Info.plist */ = {isa = PBXFileReference; lastKnownFileType = text.plist.xml; path = Info.plist; sourceTree = "<group>"; };
		89ECF6B128D57E8400594EFA /* FlixTests.xctest */ = {isa = PBXFileReference; explicitFileType = wrapper.cfbundle; includeInIndex = 0; path = FlixTests.xctest; sourceTree = BUILT_PRODUCTS_DIR; };
		89ECF6B528D57E8500594EFA /* FlixTests.swift */ = {isa = PBXFileReference; lastKnownFileType = sourcecode.swift; path = FlixTests.swift; sourceTree = "<group>"; };
		89ECF6BB28D57E8500594EFA /* FlixUITests.xctest */ = {isa = PBXFileReference; explicitFileType = wrapper.cfbundle; includeInIndex = 0; path = FlixUITests.xctest; sourceTree = BUILT_PRODUCTS_DIR; };
		89ECF6BF28D57E8500594EFA /* FlixUITests.swift */ = {isa = PBXFileReference; lastKnownFileType = sourcecode.swift; path = FlixUITests.swift; sourceTree = "<group>"; };
		89ECF6C128D57E8500594EFA /* FlixUITestsLaunchTests.swift */ = {isa = PBXFileReference; lastKnownFileType = sourcecode.swift; path = FlixUITestsLaunchTests.swift; sourceTree = "<group>"; };
		89ECF6CE28D58FBA00594EFA /* MoviesViewController.swift */ = {isa = PBXFileReference; lastKnownFileType = sourcecode.swift; path = MoviesViewController.swift; sourceTree = "<group>"; };
		89ECF6D028D5999B00594EFA /* MovieCell.swift */ = {isa = PBXFileReference; lastKnownFileType = sourcecode.swift; path = MovieCell.swift; sourceTree = "<group>"; };
		89F4D49D28DE813A009818B0 /* MovieDetailsViewController.swift */ = {isa = PBXFileReference; lastKnownFileType = sourcecode.swift; path = MovieDetailsViewController.swift; sourceTree = "<group>"; };
		89F4D49F28DE97EA009818B0 /* MovieGridViewController.swift */ = {isa = PBXFileReference; lastKnownFileType = sourcecode.swift; path = MovieGridViewController.swift; sourceTree = "<group>"; };
		89F4D4A128DE9ED5009818B0 /* MovieGridCell.swift */ = {isa = PBXFileReference; lastKnownFileType = sourcecode.swift; path = MovieGridCell.swift; sourceTree = "<group>"; };
		A1EE8C64FCABF9EC9C228BF9 /* Pods-Flix-FlixUITests.debug.xcconfig */ = {isa = PBXFileReference; includeInIndex = 1; lastKnownFileType = text.xcconfig; name = "Pods-Flix-FlixUITests.debug.xcconfig"; path = "Target Support Files/Pods-Flix-FlixUITests/Pods-Flix-FlixUITests.debug.xcconfig"; sourceTree = "<group>"; };
		D2AF0302A5E05A04D64C2864 /* Pods-Flix-FlixUITests.release.xcconfig */ = {isa = PBXFileReference; includeInIndex = 1; lastKnownFileType = text.xcconfig; name = "Pods-Flix-FlixUITests.release.xcconfig"; path = "Target Support Files/Pods-Flix-FlixUITests/Pods-Flix-FlixUITests.release.xcconfig"; sourceTree = "<group>"; };
		D83DD0C8D1079A80970E0CE5 /* Pods-Flix.debug.xcconfig */ = {isa = PBXFileReference; includeInIndex = 1; lastKnownFileType = text.xcconfig; name = "Pods-Flix.debug.xcconfig"; path = "Target Support Files/Pods-Flix/Pods-Flix.debug.xcconfig"; sourceTree = "<group>"; };
		EE5F2F922AED6299DABA2121 /* Pods_Flix_FlixUITests.framework */ = {isa = PBXFileReference; explicitFileType = wrapper.framework; includeInIndex = 0; path = Pods_Flix_FlixUITests.framework; sourceTree = BUILT_PRODUCTS_DIR; };
		EEAA6C87BF89234637BF6887 /* Pods-FlixTests.release.xcconfig */ = {isa = PBXFileReference; includeInIndex = 1; lastKnownFileType = text.xcconfig; name = "Pods-FlixTests.release.xcconfig"; path = "Target Support Files/Pods-FlixTests/Pods-FlixTests.release.xcconfig"; sourceTree = "<group>"; };
/* End PBXFileReference section */

/* Begin PBXFrameworksBuildPhase section */
		89ECF69828D57E8300594EFA /* Frameworks */ = {
			isa = PBXFrameworksBuildPhase;
			buildActionMask = 2147483647;
			files = (
				89ECF6D428D5A27500594EFA /* AlamofireImage in Frameworks */,
				D73B1C31F25EE780B7851C37 /* Pods_Flix.framework in Frameworks */,
			);
			runOnlyForDeploymentPostprocessing = 0;
		};
		89ECF6AE28D57E8400594EFA /* Frameworks */ = {
			isa = PBXFrameworksBuildPhase;
			buildActionMask = 2147483647;
			files = (
				6AF86EB6EAA8F87B97251541 /* Pods_FlixTests.framework in Frameworks */,
			);
			runOnlyForDeploymentPostprocessing = 0;
		};
		89ECF6B828D57E8500594EFA /* Frameworks */ = {
			isa = PBXFrameworksBuildPhase;
			buildActionMask = 2147483647;
			files = (
				5A4E41340C3ADF4B6195D2FC /* Pods_Flix_FlixUITests.framework in Frameworks */,
			);
			runOnlyForDeploymentPostprocessing = 0;
		};
/* End PBXFrameworksBuildPhase section */

/* Begin PBXGroup section */
		89ECF69228D57E8300594EFA = {
			isa = PBXGroup;
			children = (
				89ECF69D28D57E8300594EFA /* Flix */,
				89ECF6B428D57E8400594EFA /* FlixTests */,
				89ECF6BE28D57E8500594EFA /* FlixUITests */,
				89ECF69C28D57E8300594EFA /* Products */,
				B74FA889AB5C48D294925B85 /* Pods */,
				C44E07D210CCB5E64329D019 /* Frameworks */,
			);
			sourceTree = "<group>";
		};
		89ECF69C28D57E8300594EFA /* Products */ = {
			isa = PBXGroup;
			children = (
				89ECF69B28D57E8300594EFA /* Flix.app */,
				89ECF6B128D57E8400594EFA /* FlixTests.xctest */,
				89ECF6BB28D57E8500594EFA /* FlixUITests.xctest */,
			);
			name = Products;
			sourceTree = "<group>";
		};
		89ECF69D28D57E8300594EFA /* Flix */ = {
			isa = PBXGroup;
			children = (
				89ECF69E28D57E8300594EFA /* AppDelegate.swift */,
				89ECF6A028D57E8300594EFA /* SceneDelegate.swift */,
				89ECF6A428D57E8300594EFA /* Main.storyboard */,
				89ECF6A728D57E8400594EFA /* Assets.xcassets */,
				89ECF6A928D57E8400594EFA /* LaunchScreen.storyboard */,
				89ECF6AC28D57E8400594EFA /* Info.plist */,
				89ECF6CE28D58FBA00594EFA /* MoviesViewController.swift */,
				89ECF6D028D5999B00594EFA /* MovieCell.swift */,
				89F4D49D28DE813A009818B0 /* MovieDetailsViewController.swift */,
				89F4D49F28DE97EA009818B0 /* MovieGridViewController.swift */,
				89F4D4A128DE9ED5009818B0 /* MovieGridCell.swift */,
			);
			path = Flix;
			sourceTree = "<group>";
		};
		89ECF6B428D57E8400594EFA /* FlixTests */ = {
			isa = PBXGroup;
			children = (
				89ECF6B528D57E8500594EFA /* FlixTests.swift */,
			);
			path = FlixTests;
			sourceTree = "<group>";
		};
		89ECF6BE28D57E8500594EFA /* FlixUITests */ = {
			isa = PBXGroup;
			children = (
				89ECF6BF28D57E8500594EFA /* FlixUITests.swift */,
				89ECF6C128D57E8500594EFA /* FlixUITestsLaunchTests.swift */,
			);
			path = FlixUITests;
			sourceTree = "<group>";
		};
		B74FA889AB5C48D294925B85 /* Pods */ = {
			isa = PBXGroup;
			children = (
				D83DD0C8D1079A80970E0CE5 /* Pods-Flix.debug.xcconfig */,
				13F8D78E64A726BB67AD4206 /* Pods-Flix.release.xcconfig */,
				A1EE8C64FCABF9EC9C228BF9 /* Pods-Flix-FlixUITests.debug.xcconfig */,
				D2AF0302A5E05A04D64C2864 /* Pods-Flix-FlixUITests.release.xcconfig */,
				5A0AE7DA7B7E4CB0B6155A52 /* Pods-FlixTests.debug.xcconfig */,
				EEAA6C87BF89234637BF6887 /* Pods-FlixTests.release.xcconfig */,
			);
			path = Pods;
			sourceTree = "<group>";
		};
		C44E07D210CCB5E64329D019 /* Frameworks */ = {
			isa = PBXGroup;
			children = (
				3B781DD2B7C3414E885D41F2 /* Pods_Flix.framework */,
				EE5F2F922AED6299DABA2121 /* Pods_Flix_FlixUITests.framework */,
				0B96633BCB43D4E4229DD607 /* Pods_FlixTests.framework */,
			);
			name = Frameworks;
			sourceTree = "<group>";
		};
/* End PBXGroup section */

/* Begin PBXNativeTarget section */
		89ECF69A28D57E8300594EFA /* Flix */ = {
			isa = PBXNativeTarget;
			buildConfigurationList = 89ECF6C528D57E8500594EFA /* Build configuration list for PBXNativeTarget "Flix" */;
			buildPhases = (
				88C9A9AA33B4154984EA3B11 /* [CP] Check Pods Manifest.lock */,
				89ECF69728D57E8300594EFA /* Sources */,
				89ECF69828D57E8300594EFA /* Frameworks */,
				89ECF69928D57E8300594EFA /* Resources */,
				A1E33A0DA1A6D5ECDDC60AEC /* [CP] Embed Pods Frameworks */,
			);
			buildRules = (
			);
			dependencies = (
			);
			name = Flix;
			packageProductDependencies = (
				89ECF6D328D5A27500594EFA /* AlamofireImage */,
			);
			productName = Flix;
			productReference = 89ECF69B28D57E8300594EFA /* Flix.app */;
			productType = "com.apple.product-type.application";
		};
		89ECF6B028D57E8400594EFA /* FlixTests */ = {
			isa = PBXNativeTarget;
			buildConfigurationList = 89ECF6C828D57E8500594EFA /* Build configuration list for PBXNativeTarget "FlixTests" */;
			buildPhases = (
				670585DB1DB6A3B5EE211BD2 /* [CP] Check Pods Manifest.lock */,
				89ECF6AD28D57E8400594EFA /* Sources */,
				89ECF6AE28D57E8400594EFA /* Frameworks */,
				89ECF6AF28D57E8400594EFA /* Resources */,
			);
			buildRules = (
			);
			dependencies = (
				89ECF6B328D57E8400594EFA /* PBXTargetDependency */,
			);
			name = FlixTests;
			productName = FlixTests;
			productReference = 89ECF6B128D57E8400594EFA /* FlixTests.xctest */;
			productType = "com.apple.product-type.bundle.unit-test";
		};
		89ECF6BA28D57E8500594EFA /* FlixUITests */ = {
			isa = PBXNativeTarget;
			buildConfigurationList = 89ECF6CB28D57E8500594EFA /* Build configuration list for PBXNativeTarget "FlixUITests" */;
			buildPhases = (
				E8D48FBBBD095523815A636B /* [CP] Check Pods Manifest.lock */,
				89ECF6B728D57E8500594EFA /* Sources */,
				89ECF6B828D57E8500594EFA /* Frameworks */,
				89ECF6B928D57E8500594EFA /* Resources */,
				B944E90A19EEFA5868864546 /* [CP] Embed Pods Frameworks */,
			);
			buildRules = (
			);
			dependencies = (
				89ECF6BD28D57E8500594EFA /* PBXTargetDependency */,
			);
			name = FlixUITests;
			productName = FlixUITests;
			productReference = 89ECF6BB28D57E8500594EFA /* FlixUITests.xctest */;
			productType = "com.apple.product-type.bundle.ui-testing";
		};
/* End PBXNativeTarget section */

/* Begin PBXProject section */
		89ECF69328D57E8300594EFA /* Project object */ = {
			isa = PBXProject;
			attributes = {
				BuildIndependentTargetsInParallel = 1;
				LastSwiftUpdateCheck = 1400;
				LastUpgradeCheck = 1400;
				TargetAttributes = {
					89ECF69A28D57E8300594EFA = {
						CreatedOnToolsVersion = 14.0;
					};
					89ECF6B028D57E8400594EFA = {
						CreatedOnToolsVersion = 14.0;
						TestTargetID = 89ECF69A28D57E8300594EFA;
					};
					89ECF6BA28D57E8500594EFA = {
						CreatedOnToolsVersion = 14.0;
						TestTargetID = 89ECF69A28D57E8300594EFA;
					};
				};
			};
			buildConfigurationList = 89ECF69628D57E8300594EFA /* Build configuration list for PBXProject "Flix" */;
			compatibilityVersion = "Xcode 14.0";
			developmentRegion = en;
			hasScannedForEncodings = 0;
			knownRegions = (
				en,
				Base,
			);
			mainGroup = 89ECF69228D57E8300594EFA;
			packageReferences = (
				89ECF6D228D5A27500594EFA /* XCRemoteSwiftPackageReference "AlamofireImage" */,
			);
			productRefGroup = 89ECF69C28D57E8300594EFA /* Products */;
			projectDirPath = "";
			projectRoot = "";
			targets = (
				89ECF69A28D57E8300594EFA /* Flix */,
				89ECF6B028D57E8400594EFA /* FlixTests */,
				89ECF6BA28D57E8500594EFA /* FlixUITests */,
			);
		};
/* End PBXProject section */

/* Begin PBXResourcesBuildPhase section */
		89ECF69928D57E8300594EFA /* Resources */ = {
			isa = PBXResourcesBuildPhase;
			buildActionMask = 2147483647;
			files = (
				89ECF6AB28D57E8400594EFA /* LaunchScreen.storyboard in Resources */,
				89ECF6A828D57E8400594EFA /* Assets.xcassets in Resources */,
				89ECF6A628D57E8300594EFA /* Main.storyboard in Resources */,
			);
			runOnlyForDeploymentPostprocessing = 0;
		};
		89ECF6AF28D57E8400594EFA /* Resources */ = {
			isa = PBXResourcesBuildPhase;
			buildActionMask = 2147483647;
			files = (
			);
			runOnlyForDeploymentPostprocessing = 0;
		};
		89ECF6B928D57E8500594EFA /* Resources */ = {
			isa = PBXResourcesBuildPhase;
			buildActionMask = 2147483647;
			files = (
			);
			runOnlyForDeploymentPostprocessing = 0;
		};
/* End PBXResourcesBuildPhase section */

/* Begin PBXShellScriptBuildPhase section */
		670585DB1DB6A3B5EE211BD2 /* [CP] Check Pods Manifest.lock */ = {
			isa = PBXShellScriptBuildPhase;
			buildActionMask = 2147483647;
			files = (
			);
			inputFileListPaths = (
			);
			inputPaths = (
				"${PODS_PODFILE_DIR_PATH}/Podfile.lock",
				"${PODS_ROOT}/Manifest.lock",
			);
			name = "[CP] Check Pods Manifest.lock";
			outputFileListPaths = (
			);
			outputPaths = (
				"$(DERIVED_FILE_DIR)/Pods-FlixTests-checkManifestLockResult.txt",
			);
			runOnlyForDeploymentPostprocessing = 0;
			shellPath = /bin/sh;
			shellScript = "diff \"${PODS_PODFILE_DIR_PATH}/Podfile.lock\" \"${PODS_ROOT}/Manifest.lock\" > /dev/null\nif [ $? != 0 ] ; then\n    # print error to STDERR\n    echo \"error: The sandbox is not in sync with the Podfile.lock. Run 'pod install' or update your CocoaPods installation.\" >&2\n    exit 1\nfi\n# This output is used by Xcode 'outputs' to avoid re-running this script phase.\necho \"SUCCESS\" > \"${SCRIPT_OUTPUT_FILE_0}\"\n";
			showEnvVarsInLog = 0;
		};
		88C9A9AA33B4154984EA3B11 /* [CP] Check Pods Manifest.lock */ = {
			isa = PBXShellScriptBuildPhase;
			buildActionMask = 2147483647;
			files = (
			);
			inputFileListPaths = (
			);
			inputPaths = (
				"${PODS_PODFILE_DIR_PATH}/Podfile.lock",
				"${PODS_ROOT}/Manifest.lock",
			);
			name = "[CP] Check Pods Manifest.lock";
			outputFileListPaths = (
			);
			outputPaths = (
				"$(DERIVED_FILE_DIR)/Pods-Flix-checkManifestLockResult.txt",
			);
			runOnlyForDeploymentPostprocessing = 0;
			shellPath = /bin/sh;
			shellScript = "diff \"${PODS_PODFILE_DIR_PATH}/Podfile.lock\" \"${PODS_ROOT}/Manifest.lock\" > /dev/null\nif [ $? != 0 ] ; then\n    # print error to STDERR\n    echo \"error: The sandbox is not in sync with the Podfile.lock. Run 'pod install' or update your CocoaPods installation.\" >&2\n    exit 1\nfi\n# This output is used by Xcode 'outputs' to avoid re-running this script phase.\necho \"SUCCESS\" > \"${SCRIPT_OUTPUT_FILE_0}\"\n";
			showEnvVarsInLog = 0;
		};
		A1E33A0DA1A6D5ECDDC60AEC /* [CP] Embed Pods Frameworks */ = {
			isa = PBXShellScriptBuildPhase;
			buildActionMask = 2147483647;
			files = (
			);
			inputFileListPaths = (
				"${PODS_ROOT}/Target Support Files/Pods-Flix/Pods-Flix-frameworks-${CONFIGURATION}-input-files.xcfilelist",
			);
			name = "[CP] Embed Pods Frameworks";
			outputFileListPaths = (
				"${PODS_ROOT}/Target Support Files/Pods-Flix/Pods-Flix-frameworks-${CONFIGURATION}-output-files.xcfilelist",
			);
			runOnlyForDeploymentPostprocessing = 0;
			shellPath = /bin/sh;
			shellScript = "\"${PODS_ROOT}/Target Support Files/Pods-Flix/Pods-Flix-frameworks.sh\"\n";
			showEnvVarsInLog = 0;
		};
		B944E90A19EEFA5868864546 /* [CP] Embed Pods Frameworks */ = {
			isa = PBXShellScriptBuildPhase;
			buildActionMask = 2147483647;
			files = (
			);
			inputFileListPaths = (
				"${PODS_ROOT}/Target Support Files/Pods-Flix-FlixUITests/Pods-Flix-FlixUITests-frameworks-${CONFIGURATION}-input-files.xcfilelist",
			);
			name = "[CP] Embed Pods Frameworks";
			outputFileListPaths = (
				"${PODS_ROOT}/Target Support Files/Pods-Flix-FlixUITests/Pods-Flix-FlixUITests-frameworks-${CONFIGURATION}-output-files.xcfilelist",
			);
			runOnlyForDeploymentPostprocessing = 0;
			shellPath = /bin/sh;
			shellScript = "\"${PODS_ROOT}/Target Support Files/Pods-Flix-FlixUITests/Pods-Flix-FlixUITests-frameworks.sh\"\n";
			showEnvVarsInLog = 0;
		};
		E8D48FBBBD095523815A636B /* [CP] Check Pods Manifest.lock */ = {
			isa = PBXShellScriptBuildPhase;
			buildActionMask = 2147483647;
			files = (
			);
			inputFileListPaths = (
			);
			inputPaths = (
				"${PODS_PODFILE_DIR_PATH}/Podfile.lock",
				"${PODS_ROOT}/Manifest.lock",
			);
			name = "[CP] Check Pods Manifest.lock";
			outputFileListPaths = (
			);
			outputPaths = (
				"$(DERIVED_FILE_DIR)/Pods-Flix-FlixUITests-checkManifestLockResult.txt",
			);
			runOnlyForDeploymentPostprocessing = 0;
			shellPath = /bin/sh;
			shellScript = "diff \"${PODS_PODFILE_DIR_PATH}/Podfile.lock\" \"${PODS_ROOT}/Manifest.lock\" > /dev/null\nif [ $? != 0 ] ; then\n    # print error to STDERR\n    echo \"error: The sandbox is not in sync with the Podfile.lock. Run 'pod install' or update your CocoaPods installation.\" >&2\n    exit 1\nfi\n# This output is used by Xcode 'outputs' to avoid re-running this script phase.\necho \"SUCCESS\" > \"${SCRIPT_OUTPUT_FILE_0}\"\n";
			showEnvVarsInLog = 0;
		};
/* End PBXShellScriptBuildPhase section */

/* Begin PBXSourcesBuildPhase section */
		89ECF69728D57E8300594EFA /* Sources */ = {
			isa = PBXSourcesBuildPhase;
			buildActionMask = 2147483647;
			files = (
				89F4D49E28DE813A009818B0 /* MovieDetailsViewController.swift in Sources */,
				89ECF69F28D57E8300594EFA /* AppDelegate.swift in Sources */,
				89ECF6A128D57E8300594EFA /* SceneDelegate.swift in Sources */,
				89ECF6D128D5999B00594EFA /* MovieCell.swift in Sources */,
				89ECF6CF28D58FBA00594EFA /* MoviesViewController.swift in Sources */,
				89F4D4A028DE97EA009818B0 /* MovieGridViewController.swift in Sources */,
				89F4D4A228DE9ED5009818B0 /* MovieGridCell.swift in Sources */,
			);
			runOnlyForDeploymentPostprocessing = 0;
		};
		89ECF6AD28D57E8400594EFA /* Sources */ = {
			isa = PBXSourcesBuildPhase;
			buildActionMask = 2147483647;
			files = (
				89ECF6B628D57E8500594EFA /* FlixTests.swift in Sources */,
			);
			runOnlyForDeploymentPostprocessing = 0;
		};
		89ECF6B728D57E8500594EFA /* Sources */ = {
			isa = PBXSourcesBuildPhase;
			buildActionMask = 2147483647;
			files = (
				89ECF6C028D57E8500594EFA /* FlixUITests.swift in Sources */,
				89ECF6C228D57E8500594EFA /* FlixUITestsLaunchTests.swift in Sources */,
			);
			runOnlyForDeploymentPostprocessing = 0;
		};
/* End PBXSourcesBuildPhase section */

/* Begin PBXTargetDependency section */
		89ECF6B328D57E8400594EFA /* PBXTargetDependency */ = {
			isa = PBXTargetDependency;
			target = 89ECF69A28D57E8300594EFA /* Flix */;
			targetProxy = 89ECF6B228D57E8400594EFA /* PBXContainerItemProxy */;
		};
		89ECF6BD28D57E8500594EFA /* PBXTargetDependency */ = {
			isa = PBXTargetDependency;
			target = 89ECF69A28D57E8300594EFA /* Flix */;
			targetProxy = 89ECF6BC28D57E8500594EFA /* PBXContainerItemProxy */;
		};
/* End PBXTargetDependency section */

/* Begin PBXVariantGroup section */
		89ECF6A428D57E8300594EFA /* Main.storyboard */ = {
			isa = PBXVariantGroup;
			children = (
				89ECF6A528D57E8300594EFA /* Base */,
			);
			name = Main.storyboard;
			sourceTree = "<group>";
		};
		89ECF6A928D57E8400594EFA /* LaunchScreen.storyboard */ = {
			isa = PBXVariantGroup;
			children = (
				89ECF6AA28D57E8400594EFA /* Base */,
			);
			name = LaunchScreen.storyboard;
			sourceTree = "<group>";
		};
/* End PBXVariantGroup section */

/* Begin XCBuildConfiguration section */
		89ECF6C328D57E8500594EFA /* Debug */ = {
			isa = XCBuildConfiguration;
			buildSettings = {
				ALWAYS_SEARCH_USER_PATHS = NO;
				CLANG_ANALYZER_NONNULL = YES;
				CLANG_ANALYZER_NUMBER_OBJECT_CONVERSION = YES_AGGRESSIVE;
				CLANG_CXX_LANGUAGE_STANDARD = "gnu++20";
				CLANG_ENABLE_MODULES = YES;
				CLANG_ENABLE_OBJC_ARC = YES;
				CLANG_ENABLE_OBJC_WEAK = YES;
				CLANG_WARN_BLOCK_CAPTURE_AUTORELEASING = YES;
				CLANG_WARN_BOOL_CONVERSION = YES;
				CLANG_WARN_COMMA = YES;
				CLANG_WARN_CONSTANT_CONVERSION = YES;
				CLANG_WARN_DEPRECATED_OBJC_IMPLEMENTATIONS = YES;
				CLANG_WARN_DIRECT_OBJC_ISA_USAGE = YES_ERROR;
				CLANG_WARN_DOCUMENTATION_COMMENTS = YES;
				CLANG_WARN_EMPTY_BODY = YES;
				CLANG_WARN_ENUM_CONVERSION = YES;
				CLANG_WARN_INFINITE_RECURSION = YES;
				CLANG_WARN_INT_CONVERSION = YES;
				CLANG_WARN_NON_LITERAL_NULL_CONVERSION = YES;
				CLANG_WARN_OBJC_IMPLICIT_RETAIN_SELF = YES;
				CLANG_WARN_OBJC_LITERAL_CONVERSION = YES;
				CLANG_WARN_OBJC_ROOT_CLASS = YES_ERROR;
				CLANG_WARN_QUOTED_INCLUDE_IN_FRAMEWORK_HEADER = YES;
				CLANG_WARN_RANGE_LOOP_ANALYSIS = YES;
				CLANG_WARN_STRICT_PROTOTYPES = YES;
				CLANG_WARN_SUSPICIOUS_MOVE = YES;
				CLANG_WARN_UNGUARDED_AVAILABILITY = YES_AGGRESSIVE;
				CLANG_WARN_UNREACHABLE_CODE = YES;
				CLANG_WARN__DUPLICATE_METHOD_MATCH = YES;
				COPY_PHASE_STRIP = NO;
				DEBUG_INFORMATION_FORMAT = dwarf;
				ENABLE_STRICT_OBJC_MSGSEND = YES;
				ENABLE_TESTABILITY = YES;
				GCC_C_LANGUAGE_STANDARD = gnu11;
				GCC_DYNAMIC_NO_PIC = NO;
				GCC_NO_COMMON_BLOCKS = YES;
				GCC_OPTIMIZATION_LEVEL = 0;
				GCC_PREPROCESSOR_DEFINITIONS = (
					"DEBUG=1",
					"$(inherited)",
				);
				GCC_WARN_64_TO_32_BIT_CONVERSION = YES;
				GCC_WARN_ABOUT_RETURN_TYPE = YES_ERROR;
				GCC_WARN_UNDECLARED_SELECTOR = YES;
				GCC_WARN_UNINITIALIZED_AUTOS = YES_AGGRESSIVE;
				GCC_WARN_UNUSED_FUNCTION = YES;
				GCC_WARN_UNUSED_VARIABLE = YES;
				IPHONEOS_DEPLOYMENT_TARGET = 16.0;
				MTL_ENABLE_DEBUG_INFO = INCLUDE_SOURCE;
				MTL_FAST_MATH = YES;
				ONLY_ACTIVE_ARCH = YES;
				SDKROOT = iphoneos;
				SWIFT_ACTIVE_COMPILATION_CONDITIONS = DEBUG;
				SWIFT_OPTIMIZATION_LEVEL = "-Onone";
			};
			name = Debug;
		};
		89ECF6C428D57E8500594EFA /* Release */ = {
			isa = XCBuildConfiguration;
			buildSettings = {
				ALWAYS_SEARCH_USER_PATHS = NO;
				CLANG_ANALYZER_NONNULL = YES;
				CLANG_ANALYZER_NUMBER_OBJECT_CONVERSION = YES_AGGRESSIVE;
				CLANG_CXX_LANGUAGE_STANDARD = "gnu++20";
				CLANG_ENABLE_MODULES = YES;
				CLANG_ENABLE_OBJC_ARC = YES;
				CLANG_ENABLE_OBJC_WEAK = YES;
				CLANG_WARN_BLOCK_CAPTURE_AUTORELEASING = YES;
				CLANG_WARN_BOOL_CONVERSION = YES;
				CLANG_WARN_COMMA = YES;
				CLANG_WARN_CONSTANT_CONVERSION = YES;
				CLANG_WARN_DEPRECATED_OBJC_IMPLEMENTATIONS = YES;
				CLANG_WARN_DIRECT_OBJC_ISA_USAGE = YES_ERROR;
				CLANG_WARN_DOCUMENTATION_COMMENTS = YES;
				CLANG_WARN_EMPTY_BODY = YES;
				CLANG_WARN_ENUM_CONVERSION = YES;
				CLANG_WARN_INFINITE_RECURSION = YES;
				CLANG_WARN_INT_CONVERSION = YES;
				CLANG_WARN_NON_LITERAL_NULL_CONVERSION = YES;
				CLANG_WARN_OBJC_IMPLICIT_RETAIN_SELF = YES;
				CLANG_WARN_OBJC_LITERAL_CONVERSION = YES;
				CLANG_WARN_OBJC_ROOT_CLASS = YES_ERROR;
				CLANG_WARN_QUOTED_INCLUDE_IN_FRAMEWORK_HEADER = YES;
				CLANG_WARN_RANGE_LOOP_ANALYSIS = YES;
				CLANG_WARN_STRICT_PROTOTYPES = YES;
				CLANG_WARN_SUSPICIOUS_MOVE = YES;
				CLANG_WARN_UNGUARDED_AVAILABILITY = YES_AGGRESSIVE;
				CLANG_WARN_UNREACHABLE_CODE = YES;
				CLANG_WARN__DUPLICATE_METHOD_MATCH = YES;
				COPY_PHASE_STRIP = NO;
				DEBUG_INFORMATION_FORMAT = "dwarf-with-dsym";
				ENABLE_NS_ASSERTIONS = NO;
				ENABLE_STRICT_OBJC_MSGSEND = YES;
				GCC_C_LANGUAGE_STANDARD = gnu11;
				GCC_NO_COMMON_BLOCKS = YES;
				GCC_WARN_64_TO_32_BIT_CONVERSION = YES;
				GCC_WARN_ABOUT_RETURN_TYPE = YES_ERROR;
				GCC_WARN_UNDECLARED_SELECTOR = YES;
				GCC_WARN_UNINITIALIZED_AUTOS = YES_AGGRESSIVE;
				GCC_WARN_UNUSED_FUNCTION = YES;
				GCC_WARN_UNUSED_VARIABLE = YES;
				IPHONEOS_DEPLOYMENT_TARGET = 16.0;
				MTL_ENABLE_DEBUG_INFO = NO;
				MTL_FAST_MATH = YES;
				SDKROOT = iphoneos;
				SWIFT_COMPILATION_MODE = wholemodule;
				SWIFT_OPTIMIZATION_LEVEL = "-O";
				VALIDATE_PRODUCT = YES;
			};
			name = Release;
		};
		89ECF6C628D57E8500594EFA /* Debug */ = {
			isa = XCBuildConfiguration;
			baseConfigurationReference = D83DD0C8D1079A80970E0CE5 /* Pods-Flix.debug.xcconfig */;
			buildSettings = {
				ASSETCATALOG_COMPILER_APPICON_NAME = AppIcon;
				ASSETCATALOG_COMPILER_GLOBAL_ACCENT_COLOR_NAME = AccentColor;
				CODE_SIGN_STYLE = Automatic;
				CURRENT_PROJECT_VERSION = 1;
				DEVELOPMENT_TEAM = MP7WH68BKA;
				GENERATE_INFOPLIST_FILE = YES;
				INFOPLIST_FILE = Flix/Info.plist;
				INFOPLIST_KEY_UIApplicationSupportsIndirectInputEvents = YES;
				INFOPLIST_KEY_UILaunchStoryboardName = LaunchScreen;
				INFOPLIST_KEY_UIMainStoryboardFile = Main;
				INFOPLIST_KEY_UISupportedInterfaceOrientations_iPad = "UIInterfaceOrientationPortrait UIInterfaceOrientationPortraitUpsideDown UIInterfaceOrientationLandscapeLeft UIInterfaceOrientationLandscapeRight";
				INFOPLIST_KEY_UISupportedInterfaceOrientations_iPhone = "UIInterfaceOrientationPortrait UIInterfaceOrientationLandscapeLeft UIInterfaceOrientationLandscapeRight";
				IPHONEOS_DEPLOYMENT_TARGET = 15.5;
				LD_RUNPATH_SEARCH_PATHS = (
					"$(inherited)",
					"@executable_path/Frameworks",
				);
				MARKETING_VERSION = 1.0;
				PRODUCT_BUNDLE_IDENTIFIER = "memo.com-from-JP.Flix";
				PRODUCT_NAME = "$(TARGET_NAME)";
				SWIFT_EMIT_LOC_STRINGS = YES;
				SWIFT_VERSION = 5.0;
				TARGETED_DEVICE_FAMILY = "1,2";
			};
			name = Debug;
		};
		89ECF6C728D57E8500594EFA /* Release */ = {
			isa = XCBuildConfiguration;
			baseConfigurationReference = 13F8D78E64A726BB67AD4206 /* Pods-Flix.release.xcconfig */;
			buildSettings = {
				ASSETCATALOG_COMPILER_APPICON_NAME = AppIcon;
				ASSETCATALOG_COMPILER_GLOBAL_ACCENT_COLOR_NAME = AccentColor;
				CODE_SIGN_STYLE = Automatic;
				CURRENT_PROJECT_VERSION = 1;
				DEVELOPMENT_TEAM = MP7WH68BKA;
				GENERATE_INFOPLIST_FILE = YES;
				INFOPLIST_FILE = Flix/Info.plist;
				INFOPLIST_KEY_UIApplicationSupportsIndirectInputEvents = YES;
				INFOPLIST_KEY_UILaunchStoryboardName = LaunchScreen;
				INFOPLIST_KEY_UIMainStoryboardFile = Main;
				INFOPLIST_KEY_UISupportedInterfaceOrientations_iPad = "UIInterfaceOrientationPortrait UIInterfaceOrientationPortraitUpsideDown UIInterfaceOrientationLandscapeLeft UIInterfaceOrientationLandscapeRight";
				INFOPLIST_KEY_UISupportedInterfaceOrientations_iPhone = "UIInterfaceOrientationPortrait UIInterfaceOrientationLandscapeLeft UIInterfaceOrientationLandscapeRight";
				IPHONEOS_DEPLOYMENT_TARGET = 15.5;
				LD_RUNPATH_SEARCH_PATHS = (
					"$(inherited)",
					"@executable_path/Frameworks",
				);
				MARKETING_VERSION = 1.0;
				PRODUCT_BUNDLE_IDENTIFIER = "memo.com-from-JP.Flix";
				PRODUCT_NAME = "$(TARGET_NAME)";
				SWIFT_EMIT_LOC_STRINGS = YES;
				SWIFT_VERSION = 5.0;
				TARGETED_DEVICE_FAMILY = "1,2";
			};
			name = Release;
		};
		89ECF6C928D57E8500594EFA /* Debug */ = {
			isa = XCBuildConfiguration;
			baseConfigurationReference = 5A0AE7DA7B7E4CB0B6155A52 /* Pods-FlixTests.debug.xcconfig */;
			buildSettings = {
				ALWAYS_EMBED_SWIFT_STANDARD_LIBRARIES = YES;
				BUNDLE_LOADER = "$(TEST_HOST)";
				CODE_SIGN_STYLE = Automatic;
				CURRENT_PROJECT_VERSION = 1;
				DEVELOPMENT_TEAM = MP7WH68BKA;
				GENERATE_INFOPLIST_FILE = YES;
				IPHONEOS_DEPLOYMENT_TARGET = 16.0;
				MARKETING_VERSION = 1.0;
				PRODUCT_BUNDLE_IDENTIFIER = "memo.com-from-JimmyP.FlixTests";
				PRODUCT_NAME = "$(TARGET_NAME)";
				SWIFT_EMIT_LOC_STRINGS = NO;
				SWIFT_VERSION = 5.0;
				TARGETED_DEVICE_FAMILY = "1,2";
				TEST_HOST = "$(BUILT_PRODUCTS_DIR)/Flix.app/$(BUNDLE_EXECUTABLE_FOLDER_PATH)/Flix";
			};
			name = Debug;
		};
		89ECF6CA28D57E8500594EFA /* Release */ = {
			isa = XCBuildConfiguration;
			baseConfigurationReference = EEAA6C87BF89234637BF6887 /* Pods-FlixTests.release.xcconfig */;
			buildSettings = {
				ALWAYS_EMBED_SWIFT_STANDARD_LIBRARIES = YES;
				BUNDLE_LOADER = "$(TEST_HOST)";
				CODE_SIGN_STYLE = Automatic;
				CURRENT_PROJECT_VERSION = 1;
				DEVELOPMENT_TEAM = MP7WH68BKA;
				GENERATE_INFOPLIST_FILE = YES;
				IPHONEOS_DEPLOYMENT_TARGET = 16.0;
				MARKETING_VERSION = 1.0;
				PRODUCT_BUNDLE_IDENTIFIER = "memo.com-from-JimmyP.FlixTests";
				PRODUCT_NAME = "$(TARGET_NAME)";
				SWIFT_EMIT_LOC_STRINGS = NO;
				SWIFT_VERSION = 5.0;
				TARGETED_DEVICE_FAMILY = "1,2";
				TEST_HOST = "$(BUILT_PRODUCTS_DIR)/Flix.app/$(BUNDLE_EXECUTABLE_FOLDER_PATH)/Flix";
			};
			name = Release;
		};
		89ECF6CC28D57E8500594EFA /* Debug */ = {
			isa = XCBuildConfiguration;
			baseConfigurationReference = A1EE8C64FCABF9EC9C228BF9 /* Pods-Flix-FlixUITests.debug.xcconfig */;
			buildSettings = {
				ALWAYS_EMBED_SWIFT_STANDARD_LIBRARIES = YES;
				CODE_SIGN_STYLE = Automatic;
				CURRENT_PROJECT_VERSION = 1;
				DEVELOPMENT_TEAM = MP7WH68BKA;
				GENERATE_INFOPLIST_FILE = YES;
				MARKETING_VERSION = 1.0;
				PRODUCT_BUNDLE_IDENTIFIER = "memo.com-from-JimmyP.FlixUITests";
				PRODUCT_NAME = "$(TARGET_NAME)";
				SWIFT_EMIT_LOC_STRINGS = NO;
				SWIFT_VERSION = 5.0;
				TARGETED_DEVICE_FAMILY = "1,2";
				TEST_TARGET_NAME = Flix;
			};
			name = Debug;
		};
		89ECF6CD28D57E8500594EFA /* Release */ = {
			isa = XCBuildConfiguration;
			baseConfigurationReference = D2AF0302A5E05A04D64C2864 /* Pods-Flix-FlixUITests.release.xcconfig */;
			buildSettings = {
				ALWAYS_EMBED_SWIFT_STANDARD_LIBRARIES = YES;
				CODE_SIGN_STYLE = Automatic;
				CURRENT_PROJECT_VERSION = 1;
				DEVELOPMENT_TEAM = MP7WH68BKA;
				GENERATE_INFOPLIST_FILE = YES;
				MARKETING_VERSION = 1.0;
				PRODUCT_BUNDLE_IDENTIFIER = "memo.com-from-JimmyP.FlixUITests";
				PRODUCT_NAME = "$(TARGET_NAME)";
				SWIFT_EMIT_LOC_STRINGS = NO;
				SWIFT_VERSION = 5.0;
				TARGETED_DEVICE_FAMILY = "1,2";
				TEST_TARGET_NAME = Flix;
			};
			name = Release;
		};
/* End XCBuildConfiguration section */

/* Begin XCConfigurationList section */
		89ECF69628D57E8300594EFA /* Build configuration list for PBXProject "Flix" */ = {
			isa = XCConfigurationList;
			buildConfigurations = (
				89ECF6C328D57E8500594EFA /* Debug */,
				89ECF6C428D57E8500594EFA /* Release */,
			);
			defaultConfigurationIsVisible = 0;
			defaultConfigurationName = Release;
		};
		89ECF6C528D57E8500594EFA /* Build configuration list for PBXNativeTarget "Flix" */ = {
			isa = XCConfigurationList;
			buildConfigurations = (
				89ECF6C628D57E8500594EFA /* Debug */,
				89ECF6C728D57E8500594EFA /* Release */,
			);
			defaultConfigurationIsVisible = 0;
			defaultConfigurationName = Release;
		};
		89ECF6C828D57E8500594EFA /* Build configuration list for PBXNativeTarget "FlixTests" */ = {
			isa = XCConfigurationList;
			buildConfigurations = (
				89ECF6C928D57E8500594EFA /* Debug */,
				89ECF6CA28D57E8500594EFA /* Release */,
			);
			defaultConfigurationIsVisible = 0;
			defaultConfigurationName = Release;
		};
		89ECF6CB28D57E8500594EFA /* Build configuration list for PBXNativeTarget "FlixUITests" */ = {
			isa = XCConfigurationList;
			buildConfigurations = (
				89ECF6CC28D57E8500594EFA /* Debug */,
				89ECF6CD28D57E8500594EFA /* Release */,
			);
			defaultConfigurationIsVisible = 0;
			defaultConfigurationName = Release;
		};
/* End XCConfigurationList section */

/* Begin XCRemoteSwiftPackageReference section */
		89ECF6D228D5A27500594EFA /* XCRemoteSwiftPackageReference "AlamofireImage" */ = {
			isa = XCRemoteSwiftPackageReference;
			repositoryURL = "https://github.com/Alamofire/AlamofireImage";
			requirement = {
				kind = upToNextMajorVersion;
				minimumVersion = 4.0.0;
			};
		};
/* End XCRemoteSwiftPackageReference section */

/* Begin XCSwiftPackageProductDependency section */
		89ECF6D328D5A27500594EFA /* AlamofireImage */ = {
			isa = XCSwiftPackageProductDependency;
			package = 89ECF6D228D5A27500594EFA /* XCRemoteSwiftPackageReference "AlamofireImage" */;
			productName = AlamofireImage;
		};
/* End XCSwiftPackageProductDependency section */
	};
	rootObject = 89ECF69328D57E8300594EFA /* Project object */;
}
